
Microsoft Visual Studio Solution File, Format Version 12.00
# Visual Studio Version 17
VisualStudioVersion = 17.7.34221.43
MinimumVisualStudioVersion = 10.0.40219.1
Project("{FAE04EC0-301F-11D3-BF4B-00C04F79EFBC}") = "ConApp3b", "ConApp3b\ConApp3b.csproj", "{DA3E902B-E338-4F9A-BFB5-87D9F2E4090A}"
EndProject
Global
	GlobalSection(SolutionConfigurationPlatforms) = preSolution
		Debug|Any CPU = Debug|Any CPU
		Release|Any CPU = Release|Any CPU
	EndGlobalSection
	GlobalSection(ProjectConfigurationPlatforms) = postSolution
		{DA3E902B-E338-4F9A-BFB5-87D9F2E4090A}.Debug|Any CPU.ActiveCfg = Debug|Any CPU
		{DA3E902B-E338-4F9A-BFB5-87D9F2E4090A}.Debug|Any CPU.Build.0 = Debug|Any CPU
		{DA3E902B-E338-4F9A-BFB5-87D9F2E4090A}.Release|Any CPU.ActiveCfg = Release|Any CPU
		{DA3E902B-E338-4F9A-BFB5-87D9F2E4090A}.Release|Any CPU.Build.0 = Release|Any CPU
	EndGlobalSection
	GlobalSection(SolutionProperties) = preSolution
		HideSolutionNode = FALSE
	EndGlobalSection
	GlobalSection(ExtensibilityGlobals) = postSolution
		SolutionGuid = {EBC5D7A1-CAF2-4636-8D57-E65E8B604D99}
	EndGlobalSection
EndGlobal
